// !$*UTF8*$!
{
	archiveVersion = 1;
	classes = {
	};
	objectVersion = 77;
	objects = {

/* Begin PBXBuildFile section */
		1914CA512D16452900E275BF /* Assets.xcassets in Resources */ = {isa = PBXBuildFile; fileRef = 1914CA4B2D16452900E275BF /* Assets.xcassets */; };
		1914CA522D16452900E275BF /* ChatService.swift in Sources */ = {isa = PBXBuildFile; fileRef = 1914CA392D16452900E275BF /* ChatService.swift */; };
		1914CA532D16452900E275BF /* ModelPickerView.swift in Sources */ = {isa = PBXBuildFile; fileRef = 1914CA492D16452900E275BF /* ModelPickerView.swift */; };
		1914CA542D16452900E275BF /* opheliaApp.swift in Sources */ = {isa = PBXBuildFile; fileRef = 1914CA4E2D16452900E275BF /* opheliaApp.swift */; };
		1914CA552D16452900E275BF /* ChatViewModel.swift in Sources */ = {isa = PBXBuildFile; fileRef = 1914CA4C2D16452900E275BF /* ChatViewModel.swift */; };
		1914CA572D16452900E275BF /* GitHubModelChatService.swift in Sources */ = {isa = PBXBuildFile; fileRef = 1914CA3A2D16452900E275BF /* GitHubModelChatService.swift */; };
		1914CA582D16452900E275BF /* AnthropicService.swift in Sources */ = {isa = PBXBuildFile; fileRef = 1914CA382D16452900E275BF /* AnthropicService.swift */; };
		1914CA592D16452900E275BF /* OpenAIVoiceError.swift in Sources */ = {isa = PBXBuildFile; fileRef = 1914CA3D2D16452900E275BF /* OpenAIVoiceError.swift */; };
		1914CA5A2D16452900E275BF /* ChatSettingsSheet.swift in Sources */ = {isa = PBXBuildFile; fileRef = 1914CA462D16452900E275BF /* ChatSettingsSheet.swift */; };
		1914CA5B2D16452900E275BF /* ChatHeaderView.swift in Sources */ = {isa = PBXBuildFile; fileRef = 1914CA402D16452900E275BF /* ChatHeaderView.swift */; };
		1914CA5C2D16452900E275BF /* OpenAITTSService.swift in Sources */ = {isa = PBXBuildFile; fileRef = 1914CA3C2D16452900E275BF /* OpenAITTSService.swift */; };
		1914CA5D2D16452900E275BF /* AppSettings.swift in Sources */ = {isa = PBXBuildFile; fileRef = 1914CA352D16452900E275BF /* AppSettings.swift */; };
		1914CA5E2D16452900E275BF /* TypingIndicator.swift in Sources */ = {isa = PBXBuildFile; fileRef = 1914CA4F2D16452900E275BF /* TypingIndicator.swift */; };
		1914CA5F2D16452900E275BF /* OpenAIChatService.swift in Sources */ = {isa = PBXBuildFile; fileRef = 1914CA3B2D16452900E275BF /* OpenAIChatService.swift */; };
		1914CA602D16452900E275BF /* Message.swift in Sources */ = {isa = PBXBuildFile; fileRef = 1914CA362D16452900E275BF /* Message.swift */; };
		1914CA612D16452900E275BF /* ChatInputContainer.swift in Sources */ = {isa = PBXBuildFile; fileRef = 1914CA412D16452900E275BF /* ChatInputContainer.swift */; };
		1914CA622D16452900E275BF /* VoiceService.swift in Sources */ = {isa = PBXBuildFile; fileRef = 1914CA3E2D16452900E275BF /* VoiceService.swift */; };
		1914CA632D16452900E275BF /* ChatMessagesView.swift in Sources */ = {isa = PBXBuildFile; fileRef = 1914CA452D16452900E275BF /* ChatMessagesView.swift */; };
		1914CA642D16452900E275BF /* Color+Theme.swift in Sources */ = {isa = PBXBuildFile; fileRef = 1914CA4D2D16452900E275BF /* Color+Theme.swift */; };
		1914CA652D16452900E275BF /* MessageRow.swift in Sources */ = {isa = PBXBuildFile; fileRef = 1914CA482D16452900E275BF /* MessageRow.swift */; };
		1914CA662D16452900E275BF /* ChatInputView.swift in Sources */ = {isa = PBXBuildFile; fileRef = 1914CA422D16452900E275BF /* ChatInputView.swift */; };
		1914CA672D16452900E275BF /* ChatMessagesContainer.swift in Sources */ = {isa = PBXBuildFile; fileRef = 1914CA442D16452900E275BF /* ChatMessagesContainer.swift */; };
		1914CA682D16452900E275BF /* ChatView.swift in Sources */ = {isa = PBXBuildFile; fileRef = 1914CA472D16452900E275BF /* ChatView.swift */; };
		1914CA692D16452900E275BF /* Assets.xcassets in Resources */ = {isa = PBXBuildFile; fileRef = 1914CA4B2D16452900E275BF /* Assets.xcassets */; };
		1914CA6A2D16452900E275BF /* ChatService.swift in Sources */ = {isa = PBXBuildFile; fileRef = 1914CA392D16452900E275BF /* ChatService.swift */; };
		1914CA6B2D16452900E275BF /* ModelPickerView.swift in Sources */ = {isa = PBXBuildFile; fileRef = 1914CA492D16452900E275BF /* ModelPickerView.swift */; };
		1914CA6C2D16452900E275BF /* opheliaApp.swift in Sources */ = {isa = PBXBuildFile; fileRef = 1914CA4E2D16452900E275BF /* opheliaApp.swift */; };
		1914CA6D2D16452900E275BF /* ChatViewModel.swift in Sources */ = {isa = PBXBuildFile; fileRef = 1914CA4C2D16452900E275BF /* ChatViewModel.swift */; };
		1914CA6F2D16452900E275BF /* GitHubModelChatService.swift in Sources */ = {isa = PBXBuildFile; fileRef = 1914CA3A2D16452900E275BF /* GitHubModelChatService.swift */; };
		1914CA702D16452900E275BF /* AnthropicService.swift in Sources */ = {isa = PBXBuildFile; fileRef = 1914CA382D16452900E275BF /* AnthropicService.swift */; };
		1914CA712D16452900E275BF /* OpenAIVoiceError.swift in Sources */ = {isa = PBXBuildFile; fileRef = 1914CA3D2D16452900E275BF /* OpenAIVoiceError.swift */; };
		1914CA722D16452900E275BF /* ChatSettingsSheet.swift in Sources */ = {isa = PBXBuildFile; fileRef = 1914CA462D16452900E275BF /* ChatSettingsSheet.swift */; };
		1914CA732D16452900E275BF /* ChatHeaderView.swift in Sources */ = {isa = PBXBuildFile; fileRef = 1914CA402D16452900E275BF /* ChatHeaderView.swift */; };
		1914CA742D16452900E275BF /* OpenAITTSService.swift in Sources */ = {isa = PBXBuildFile; fileRef = 1914CA3C2D16452900E275BF /* OpenAITTSService.swift */; };
		1914CA752D16452900E275BF /* AppSettings.swift in Sources */ = {isa = PBXBuildFile; fileRef = 1914CA352D16452900E275BF /* AppSettings.swift */; };
		1914CA762D16452900E275BF /* TypingIndicator.swift in Sources */ = {isa = PBXBuildFile; fileRef = 1914CA4F2D16452900E275BF /* TypingIndicator.swift */; };
		1914CA772D16452900E275BF /* OpenAIChatService.swift in Sources */ = {isa = PBXBuildFile; fileRef = 1914CA3B2D16452900E275BF /* OpenAIChatService.swift */; };
		1914CA782D16452900E275BF /* Message.swift in Sources */ = {isa = PBXBuildFile; fileRef = 1914CA362D16452900E275BF /* Message.swift */; };
		1914CA792D16452900E275BF /* ChatInputContainer.swift in Sources */ = {isa = PBXBuildFile; fileRef = 1914CA412D16452900E275BF /* ChatInputContainer.swift */; };
		1914CA7A2D16452900E275BF /* VoiceService.swift in Sources */ = {isa = PBXBuildFile; fileRef = 1914CA3E2D16452900E275BF /* VoiceService.swift */; };
		1914CA7B2D16452900E275BF /* ChatMessagesView.swift in Sources */ = {isa = PBXBuildFile; fileRef = 1914CA452D16452900E275BF /* ChatMessagesView.swift */; };
		1914CA7C2D16452900E275BF /* Color+Theme.swift in Sources */ = {isa = PBXBuildFile; fileRef = 1914CA4D2D16452900E275BF /* Color+Theme.swift */; };
		1914CA7D2D16452900E275BF /* MessageRow.swift in Sources */ = {isa = PBXBuildFile; fileRef = 1914CA482D16452900E275BF /* MessageRow.swift */; };
		1914CA7E2D16452900E275BF /* ChatInputView.swift in Sources */ = {isa = PBXBuildFile; fileRef = 1914CA422D16452900E275BF /* ChatInputView.swift */; };
		1914CA7F2D16452900E275BF /* ChatMessagesContainer.swift in Sources */ = {isa = PBXBuildFile; fileRef = 1914CA442D16452900E275BF /* ChatMessagesContainer.swift */; };
		1914CA802D16452900E275BF /* ChatView.swift in Sources */ = {isa = PBXBuildFile; fileRef = 1914CA472D16452900E275BF /* ChatView.swift */; };
		1914CA812D16452900E275BF /* ChatService.swift in Sources */ = {isa = PBXBuildFile; fileRef = 1914CA392D16452900E275BF /* ChatService.swift */; };
		1914CA822D16452900E275BF /* ModelPickerView.swift in Sources */ = {isa = PBXBuildFile; fileRef = 1914CA492D16452900E275BF /* ModelPickerView.swift */; };
		1914CA832D16452900E275BF /* opheliaApp.swift in Sources */ = {isa = PBXBuildFile; fileRef = 1914CA4E2D16452900E275BF /* opheliaApp.swift */; };
		1914CA842D16452900E275BF /* ChatViewModel.swift in Sources */ = {isa = PBXBuildFile; fileRef = 1914CA4C2D16452900E275BF /* ChatViewModel.swift */; };
		1914CA862D16452900E275BF /* GitHubModelChatService.swift in Sources */ = {isa = PBXBuildFile; fileRef = 1914CA3A2D16452900E275BF /* GitHubModelChatService.swift */; };
		1914CA872D16452900E275BF /* AnthropicService.swift in Sources */ = {isa = PBXBuildFile; fileRef = 1914CA382D16452900E275BF /* AnthropicService.swift */; };
		1914CA882D16452900E275BF /* OpenAIVoiceError.swift in Sources */ = {isa = PBXBuildFile; fileRef = 1914CA3D2D16452900E275BF /* OpenAIVoiceError.swift */; };
		1914CA892D16452900E275BF /* ChatSettingsSheet.swift in Sources */ = {isa = PBXBuildFile; fileRef = 1914CA462D16452900E275BF /* ChatSettingsSheet.swift */; };
		1914CA8A2D16452900E275BF /* ChatHeaderView.swift in Sources */ = {isa = PBXBuildFile; fileRef = 1914CA402D16452900E275BF /* ChatHeaderView.swift */; };
		1914CA8B2D16452900E275BF /* OpenAITTSService.swift in Sources */ = {isa = PBXBuildFile; fileRef = 1914CA3C2D16452900E275BF /* OpenAITTSService.swift */; };
		1914CA8C2D16452900E275BF /* AppSettings.swift in Sources */ = {isa = PBXBuildFile; fileRef = 1914CA352D16452900E275BF /* AppSettings.swift */; };
		1914CA8D2D16452900E275BF /* TypingIndicator.swift in Sources */ = {isa = PBXBuildFile; fileRef = 1914CA4F2D16452900E275BF /* TypingIndicator.swift */; };
		1914CA8E2D16452900E275BF /* OpenAIChatService.swift in Sources */ = {isa = PBXBuildFile; fileRef = 1914CA3B2D16452900E275BF /* OpenAIChatService.swift */; };
		1914CA8F2D16452900E275BF /* Message.swift in Sources */ = {isa = PBXBuildFile; fileRef = 1914CA362D16452900E275BF /* Message.swift */; };
		1914CA902D16452900E275BF /* ChatInputContainer.swift in Sources */ = {isa = PBXBuildFile; fileRef = 1914CA412D16452900E275BF /* ChatInputContainer.swift */; };
		1914CA912D16452900E275BF /* VoiceService.swift in Sources */ = {isa = PBXBuildFile; fileRef = 1914CA3E2D16452900E275BF /* VoiceService.swift */; };
		1914CA922D16452900E275BF /* ChatMessagesView.swift in Sources */ = {isa = PBXBuildFile; fileRef = 1914CA452D16452900E275BF /* ChatMessagesView.swift */; };
		1914CA932D16452900E275BF /* Color+Theme.swift in Sources */ = {isa = PBXBuildFile; fileRef = 1914CA4D2D16452900E275BF /* Color+Theme.swift */; };
		1914CA942D16452900E275BF /* MessageRow.swift in Sources */ = {isa = PBXBuildFile; fileRef = 1914CA482D16452900E275BF /* MessageRow.swift */; };
		1914CA952D16452900E275BF /* ChatInputView.swift in Sources */ = {isa = PBXBuildFile; fileRef = 1914CA422D16452900E275BF /* ChatInputView.swift */; };
		1914CA962D16452900E275BF /* ChatMessagesContainer.swift in Sources */ = {isa = PBXBuildFile; fileRef = 1914CA442D16452900E275BF /* ChatMessagesContainer.swift */; };
		1914CA972D16452900E275BF /* ChatView.swift in Sources */ = {isa = PBXBuildFile; fileRef = 1914CA472D16452900E275BF /* ChatView.swift */; };
		1914CA982D16452900E275BF /* Assets.xcassets in Resources */ = {isa = PBXBuildFile; fileRef = 1914CA4B2D16452900E275BF /* Assets.xcassets */; };
		191B6B942D1878C6006AD239 /* AboutView.swift in Sources */ = {isa = PBXBuildFile; fileRef = 191B6B932D1878BE006AD239 /* AboutView.swift */; };
		191B6B952D1878C6006AD239 /* AboutView.swift in Sources */ = {isa = PBXBuildFile; fileRef = 191B6B932D1878BE006AD239 /* AboutView.swift */; };
		191B6B962D1878C6006AD239 /* AboutView.swift in Sources */ = {isa = PBXBuildFile; fileRef = 191B6B932D1878BE006AD239 /* AboutView.swift */; };
		19517EB32D0D2752008F81B3 /* MarkdownUI in Frameworks */ = {isa = PBXBuildFile; productRef = 19517EB22D0D2752008F81B3 /* MarkdownUI */; };
		19C00C182D17887100DBCAA0 /* ChatMainView.swift in Sources */ = {isa = PBXBuildFile; fileRef = 19C00C172D17886C00DBCAA0 /* ChatMainView.swift */; };
		19C00C192D17887100DBCAA0 /* ChatMainView.swift in Sources */ = {isa = PBXBuildFile; fileRef = 19C00C172D17886C00DBCAA0 /* ChatMainView.swift */; };
		19C00C1A2D17887100DBCAA0 /* ChatMainView.swift in Sources */ = {isa = PBXBuildFile; fileRef = 19C00C172D17886C00DBCAA0 /* ChatMainView.swift */; };
		19CF5C522D164D98004C011C /* SettingsView.swift in Sources */ = {isa = PBXBuildFile; fileRef = 19CF5C512D164D98004C011C /* SettingsView.swift */; };
		19CF5C532D164D98004C011C /* SettingsView.swift in Sources */ = {isa = PBXBuildFile; fileRef = 19CF5C512D164D98004C011C /* SettingsView.swift */; };
		19CF5C542D164D98004C011C /* SettingsView.swift in Sources */ = {isa = PBXBuildFile; fileRef = 19CF5C512D164D98004C011C /* SettingsView.swift */; };
		19CF5C5B2D174454004C011C /* KeyboardAdaptive.swift in Sources */ = {isa = PBXBuildFile; fileRef = 19CF5C5A2D17444C004C011C /* KeyboardAdaptive.swift */; };
		19CF5C5C2D174454004C011C /* KeyboardAdaptive.swift in Sources */ = {isa = PBXBuildFile; fileRef = 19CF5C5A2D17444C004C011C /* KeyboardAdaptive.swift */; };
		19CF5C5D2D174454004C011C /* KeyboardAdaptive.swift in Sources */ = {isa = PBXBuildFile; fileRef = 19CF5C5A2D17444C004C011C /* KeyboardAdaptive.swift */; };
/* End PBXBuildFile section */

/* Begin PBXContainerItemProxy section */
		1976BD522CF14D600066972B /* PBXContainerItemProxy */ = {
			isa = PBXContainerItemProxy;
			containerPortal = 1976BD372CF14D5F0066972B /* Project object */;
			proxyType = 1;
			remoteGlobalIDString = 1976BD3E2CF14D5F0066972B;
			remoteInfo = ophelia;
		};
		1976BD5C2CF14D600066972B /* PBXContainerItemProxy */ = {
			isa = PBXContainerItemProxy;
			containerPortal = 1976BD372CF14D5F0066972B /* Project object */;
			proxyType = 1;
			remoteGlobalIDString = 1976BD3E2CF14D5F0066972B;
			remoteInfo = ophelia;
		};
/* End PBXContainerItemProxy section */

/* Begin PBXFileReference section */
		1914CA352D16452900E275BF /* AppSettings.swift */ = {isa = PBXFileReference; lastKnownFileType = sourcecode.swift; path = AppSettings.swift; sourceTree = "<group>"; };
		1914CA362D16452900E275BF /* Message.swift */ = {isa = PBXFileReference; lastKnownFileType = sourcecode.swift; path = Message.swift; sourceTree = "<group>"; };
		1914CA382D16452900E275BF /* AnthropicService.swift */ = {isa = PBXFileReference; lastKnownFileType = sourcecode.swift; path = AnthropicService.swift; sourceTree = "<group>"; };
		1914CA392D16452900E275BF /* ChatService.swift */ = {isa = PBXFileReference; lastKnownFileType = sourcecode.swift; path = ChatService.swift; sourceTree = "<group>"; };
		1914CA3A2D16452900E275BF /* GitHubModelChatService.swift */ = {isa = PBXFileReference; lastKnownFileType = sourcecode.swift; path = GitHubModelChatService.swift; sourceTree = "<group>"; };
		1914CA3B2D16452900E275BF /* OpenAIChatService.swift */ = {isa = PBXFileReference; lastKnownFileType = sourcecode.swift; path = OpenAIChatService.swift; sourceTree = "<group>"; };
		1914CA3C2D16452900E275BF /* OpenAITTSService.swift */ = {isa = PBXFileReference; lastKnownFileType = sourcecode.swift; path = OpenAITTSService.swift; sourceTree = "<group>"; };
		1914CA3D2D16452900E275BF /* OpenAIVoiceError.swift */ = {isa = PBXFileReference; lastKnownFileType = sourcecode.swift; path = OpenAIVoiceError.swift; sourceTree = "<group>"; };
		1914CA3E2D16452900E275BF /* VoiceService.swift */ = {isa = PBXFileReference; lastKnownFileType = sourcecode.swift; path = VoiceService.swift; sourceTree = "<group>"; };
		1914CA402D16452900E275BF /* ChatHeaderView.swift */ = {isa = PBXFileReference; lastKnownFileType = sourcecode.swift; path = ChatHeaderView.swift; sourceTree = "<group>"; };
		1914CA412D16452900E275BF /* ChatInputContainer.swift */ = {isa = PBXFileReference; lastKnownFileType = sourcecode.swift; path = ChatInputContainer.swift; sourceTree = "<group>"; };
		1914CA422D16452900E275BF /* ChatInputView.swift */ = {isa = PBXFileReference; lastKnownFileType = sourcecode.swift; path = ChatInputView.swift; sourceTree = "<group>"; };
		1914CA442D16452900E275BF /* ChatMessagesContainer.swift */ = {isa = PBXFileReference; lastKnownFileType = sourcecode.swift; path = ChatMessagesContainer.swift; sourceTree = "<group>"; };
		1914CA452D16452900E275BF /* ChatMessagesView.swift */ = {isa = PBXFileReference; lastKnownFileType = sourcecode.swift; path = ChatMessagesView.swift; sourceTree = "<group>"; };
		1914CA462D16452900E275BF /* ChatSettingsSheet.swift */ = {isa = PBXFileReference; lastKnownFileType = sourcecode.swift; path = ChatSettingsSheet.swift; sourceTree = "<group>"; };
		1914CA472D16452900E275BF /* ChatView.swift */ = {isa = PBXFileReference; lastKnownFileType = sourcecode.swift; path = ChatView.swift; sourceTree = "<group>"; };
		1914CA482D16452900E275BF /* MessageRow.swift */ = {isa = PBXFileReference; lastKnownFileType = sourcecode.swift; path = MessageRow.swift; sourceTree = "<group>"; };
		1914CA492D16452900E275BF /* ModelPickerView.swift */ = {isa = PBXFileReference; lastKnownFileType = sourcecode.swift; path = ModelPickerView.swift; sourceTree = "<group>"; };
		1914CA4B2D16452900E275BF /* Assets.xcassets */ = {isa = PBXFileReference; lastKnownFileType = folder.assetcatalog; path = Assets.xcassets; sourceTree = "<group>"; };
		1914CA4C2D16452900E275BF /* ChatViewModel.swift */ = {isa = PBXFileReference; lastKnownFileType = sourcecode.swift; path = ChatViewModel.swift; sourceTree = "<group>"; };
		1914CA4D2D16452900E275BF /* Color+Theme.swift */ = {isa = PBXFileReference; lastKnownFileType = sourcecode.swift; path = "Color+Theme.swift"; sourceTree = "<group>"; };
		1914CA4E2D16452900E275BF /* opheliaApp.swift */ = {isa = PBXFileReference; lastKnownFileType = sourcecode.swift; path = opheliaApp.swift; sourceTree = "<group>"; };
		1914CA4F2D16452900E275BF /* TypingIndicator.swift */ = {isa = PBXFileReference; lastKnownFileType = sourcecode.swift; path = TypingIndicator.swift; sourceTree = "<group>"; };
		191B6B932D1878BE006AD239 /* AboutView.swift */ = {isa = PBXFileReference; lastKnownFileType = sourcecode.swift; path = AboutView.swift; sourceTree = "<group>"; };
		1976BD3F2CF14D5F0066972B /* ophelia.app */ = {isa = PBXFileReference; explicitFileType = wrapper.application; includeInIndex = 0; path = ophelia.app; sourceTree = BUILT_PRODUCTS_DIR; };
		1976BD512CF14D600066972B /* opheliaTests.xctest */ = {isa = PBXFileReference; explicitFileType = wrapper.cfbundle; includeInIndex = 0; path = opheliaTests.xctest; sourceTree = BUILT_PRODUCTS_DIR; };
		1976BD5B2CF14D600066972B /* opheliaUITests.xctest */ = {isa = PBXFileReference; explicitFileType = wrapper.cfbundle; includeInIndex = 0; path = opheliaUITests.xctest; sourceTree = BUILT_PRODUCTS_DIR; };
		19C00C172D17886C00DBCAA0 /* ChatMainView.swift */ = {isa = PBXFileReference; lastKnownFileType = sourcecode.swift; path = ChatMainView.swift; sourceTree = "<group>"; };
		19C00C1B2D18557F00DBCAA0 /* Info.plist */ = {isa = PBXFileReference; lastKnownFileType = text.plist.xml; path = Info.plist; sourceTree = "<group>"; };
		19CF5C512D164D98004C011C /* SettingsView.swift */ = {isa = PBXFileReference; lastKnownFileType = sourcecode.swift; path = SettingsView.swift; sourceTree = "<group>"; };
		19CF5C5A2D17444C004C011C /* KeyboardAdaptive.swift */ = {isa = PBXFileReference; lastKnownFileType = sourcecode.swift; path = KeyboardAdaptive.swift; sourceTree = "<group>"; };
/* End PBXFileReference section */

/* Begin PBXFrameworksBuildPhase section */
		1976BD3C2CF14D5F0066972B /* Frameworks */ = {
			isa = PBXFrameworksBuildPhase;
			buildActionMask = 2147483647;
			files = (
				19517EB32D0D2752008F81B3 /* MarkdownUI in Frameworks */,
			);
			runOnlyForDeploymentPostprocessing = 0;
		};
		1976BD4E2CF14D600066972B /* Frameworks */ = {
			isa = PBXFrameworksBuildPhase;
			buildActionMask = 2147483647;
			files = (
			);
			runOnlyForDeploymentPostprocessing = 0;
		};
		1976BD582CF14D600066972B /* Frameworks */ = {
			isa = PBXFrameworksBuildPhase;
			buildActionMask = 2147483647;
			files = (
			);
			runOnlyForDeploymentPostprocessing = 0;
		};
/* End PBXFrameworksBuildPhase section */

/* Begin PBXGroup section */
		1914CA372D16452900E275BF /* Models */ = {
			isa = PBXGroup;
			children = (
				1914CA352D16452900E275BF /* AppSettings.swift */,
				1914CA362D16452900E275BF /* Message.swift */,
			);
			path = Models;
			sourceTree = "<group>";
		};
		1914CA3F2D16452900E275BF /* Services */ = {
			isa = PBXGroup;
			children = (
				1914CA382D16452900E275BF /* AnthropicService.swift */,
				1914CA392D16452900E275BF /* ChatService.swift */,
				1914CA3A2D16452900E275BF /* GitHubModelChatService.swift */,
				1914CA3B2D16452900E275BF /* OpenAIChatService.swift */,
				1914CA3C2D16452900E275BF /* OpenAITTSService.swift */,
				1914CA3D2D16452900E275BF /* OpenAIVoiceError.swift */,
				1914CA3E2D16452900E275BF /* VoiceService.swift */,
			);
			path = Services;
			sourceTree = "<group>";
		};
		1914CA4A2D16452900E275BF /* Views */ = {
			isa = PBXGroup;
			children = (
				1914CA402D16452900E275BF /* ChatHeaderView.swift */,
				1914CA412D16452900E275BF /* ChatInputContainer.swift */,
				1914CA422D16452900E275BF /* ChatInputView.swift */,
				1914CA442D16452900E275BF /* ChatMessagesContainer.swift */,
				19CF5C5A2D17444C004C011C /* KeyboardAdaptive.swift */,
				1914CA452D16452900E275BF /* ChatMessagesView.swift */,
				1914CA462D16452900E275BF /* ChatSettingsSheet.swift */,
				19C00C172D17886C00DBCAA0 /* ChatMainView.swift */,
				1914CA472D16452900E275BF /* ChatView.swift */,
				191B6B932D1878BE006AD239 /* AboutView.swift */,
				1914CA482D16452900E275BF /* MessageRow.swift */,
				19CF5C512D164D98004C011C /* SettingsView.swift */,
				1914CA492D16452900E275BF /* ModelPickerView.swift */,
			);
			path = Views;
			sourceTree = "<group>";
		};
		1914CA502D16452900E275BF /* Sources */ = {
			isa = PBXGroup;
			children = (
				1914CA372D16452900E275BF /* Models */,
				1914CA3F2D16452900E275BF /* Services */,
				1914CA4A2D16452900E275BF /* Views */,
				1914CA4B2D16452900E275BF /* Assets.xcassets */,
				1914CA4C2D16452900E275BF /* ChatViewModel.swift */,
				1914CA4D2D16452900E275BF /* Color+Theme.swift */,
				1914CA4E2D16452900E275BF /* opheliaApp.swift */,
				1914CA4F2D16452900E275BF /* TypingIndicator.swift */,
			);
			path = Sources;
			sourceTree = "<group>";
		};
		1976BD362CF14D5F0066972B = {
			isa = PBXGroup;
			children = (
				19C00C1B2D18557F00DBCAA0 /* Info.plist */,
				1914CA502D16452900E275BF /* Sources */,
				1976BD402CF14D5F0066972B /* Products */,
			);
			sourceTree = "<group>";
		};
		1976BD402CF14D5F0066972B /* Products */ = {
			isa = PBXGroup;
			children = (
				1976BD3F2CF14D5F0066972B /* ophelia.app */,
				1976BD512CF14D600066972B /* opheliaTests.xctest */,
				1976BD5B2CF14D600066972B /* opheliaUITests.xctest */,
			);
			name = Products;
			sourceTree = "<group>";
		};
/* End PBXGroup section */

/* Begin PBXNativeTarget section */
		1976BD3E2CF14D5F0066972B /* ophelia */ = {
			isa = PBXNativeTarget;
			buildConfigurationList = 1976BD652CF14D600066972B /* Build configuration list for PBXNativeTarget "ophelia" */;
			buildPhases = (
				1976BD3B2CF14D5F0066972B /* Sources */,
				1976BD3C2CF14D5F0066972B /* Frameworks */,
				1976BD3D2CF14D5F0066972B /* Resources */,
			);
			buildRules = (
			);
			dependencies = (
			);
			name = ophelia;
			packageProductDependencies = (
				19517EB22D0D2752008F81B3 /* MarkdownUI */,
			);
			productName = ophelia;
			productReference = 1976BD3F2CF14D5F0066972B /* ophelia.app */;
			productType = "com.apple.product-type.application";
		};
		1976BD502CF14D600066972B /* opheliaTests */ = {
			isa = PBXNativeTarget;
			buildConfigurationList = 1976BD682CF14D600066972B /* Build configuration list for PBXNativeTarget "opheliaTests" */;
			buildPhases = (
				1976BD4D2CF14D600066972B /* Sources */,
				1976BD4E2CF14D600066972B /* Frameworks */,
				1976BD4F2CF14D600066972B /* Resources */,
			);
			buildRules = (
			);
			dependencies = (
				1976BD532CF14D600066972B /* PBXTargetDependency */,
			);
			name = opheliaTests;
			packageProductDependencies = (
			);
			productName = opheliaTests;
			productReference = 1976BD512CF14D600066972B /* opheliaTests.xctest */;
			productType = "com.apple.product-type.bundle.unit-test";
		};
		1976BD5A2CF14D600066972B /* opheliaUITests */ = {
			isa = PBXNativeTarget;
			buildConfigurationList = 1976BD6B2CF14D600066972B /* Build configuration list for PBXNativeTarget "opheliaUITests" */;
			buildPhases = (
				1976BD572CF14D600066972B /* Sources */,
				1976BD582CF14D600066972B /* Frameworks */,
				1976BD592CF14D600066972B /* Resources */,
			);
			buildRules = (
			);
			dependencies = (
				1976BD5D2CF14D600066972B /* PBXTargetDependency */,
			);
			name = opheliaUITests;
			packageProductDependencies = (
			);
			productName = opheliaUITests;
			productReference = 1976BD5B2CF14D600066972B /* opheliaUITests.xctest */;
			productType = "com.apple.product-type.bundle.ui-testing";
		};
/* End PBXNativeTarget section */

/* Begin PBXProject section */
		1976BD372CF14D5F0066972B /* Project object */ = {
			isa = PBXProject;
			attributes = {
				BuildIndependentTargetsInParallel = 1;
				LastSwiftUpdateCheck = 1610;
				LastUpgradeCheck = 1610;
				TargetAttributes = {
					1976BD3E2CF14D5F0066972B = {
						CreatedOnToolsVersion = 16.1;
					};
					1976BD502CF14D600066972B = {
						CreatedOnToolsVersion = 16.1;
						TestTargetID = 1976BD3E2CF14D5F0066972B;
					};
					1976BD5A2CF14D600066972B = {
						CreatedOnToolsVersion = 16.1;
						TestTargetID = 1976BD3E2CF14D5F0066972B;
					};
				};
			};
			buildConfigurationList = 1976BD3A2CF14D5F0066972B /* Build configuration list for PBXProject "ophelia" */;
			developmentRegion = en;
			hasScannedForEncodings = 0;
			knownRegions = (
				en,
				Base,
			);
			mainGroup = 1976BD362CF14D5F0066972B;
			minimizedProjectReferenceProxies = 1;
			packageReferences = (
				19517EB12D0D2752008F81B3 /* XCRemoteSwiftPackageReference "MarkdownUI" */,
			);
			preferredProjectObjectVersion = 77;
			productRefGroup = 1976BD402CF14D5F0066972B /* Products */;
			projectDirPath = "";
			projectRoot = "";
			targets = (
				1976BD3E2CF14D5F0066972B /* ophelia */,
				1976BD502CF14D600066972B /* opheliaTests */,
				1976BD5A2CF14D600066972B /* opheliaUITests */,
			);
		};
/* End PBXProject section */

/* Begin PBXResourcesBuildPhase section */
		1976BD3D2CF14D5F0066972B /* Resources */ = {
			isa = PBXResourcesBuildPhase;
			buildActionMask = 2147483647;
			files = (
				1914CA512D16452900E275BF /* Assets.xcassets in Resources */,
			);
			runOnlyForDeploymentPostprocessing = 0;
		};
		1976BD4F2CF14D600066972B /* Resources */ = {
			isa = PBXResourcesBuildPhase;
			buildActionMask = 2147483647;
			files = (
				1914CA982D16452900E275BF /* Assets.xcassets in Resources */,
			);
			runOnlyForDeploymentPostprocessing = 0;
		};
		1976BD592CF14D600066972B /* Resources */ = {
			isa = PBXResourcesBuildPhase;
			buildActionMask = 2147483647;
			files = (
				1914CA692D16452900E275BF /* Assets.xcassets in Resources */,
			);
			runOnlyForDeploymentPostprocessing = 0;
		};
/* End PBXResourcesBuildPhase section */

/* Begin PBXSourcesBuildPhase section */
		1976BD3B2CF14D5F0066972B /* Sources */ = {
			isa = PBXSourcesBuildPhase;
			buildActionMask = 2147483647;
			files = (
				19CF5C5C2D174454004C011C /* KeyboardAdaptive.swift in Sources */,
				1914CA522D16452900E275BF /* ChatService.swift in Sources */,
				1914CA532D16452900E275BF /* ModelPickerView.swift in Sources */,
				1914CA542D16452900E275BF /* opheliaApp.swift in Sources */,
				191B6B952D1878C6006AD239 /* AboutView.swift in Sources */,
				1914CA552D16452900E275BF /* ChatViewModel.swift in Sources */,
				1914CA572D16452900E275BF /* GitHubModelChatService.swift in Sources */,
				1914CA582D16452900E275BF /* AnthropicService.swift in Sources */,
				1914CA592D16452900E275BF /* OpenAIVoiceError.swift in Sources */,
				1914CA5A2D16452900E275BF /* ChatSettingsSheet.swift in Sources */,
				19CF5C542D164D98004C011C /* SettingsView.swift in Sources */,
				1914CA5B2D16452900E275BF /* ChatHeaderView.swift in Sources */,
				19C00C182D17887100DBCAA0 /* ChatMainView.swift in Sources */,
				1914CA5C2D16452900E275BF /* OpenAITTSService.swift in Sources */,
				1914CA5D2D16452900E275BF /* AppSettings.swift in Sources */,
				1914CA5E2D16452900E275BF /* TypingIndicator.swift in Sources */,
				1914CA5F2D16452900E275BF /* OpenAIChatService.swift in Sources */,
				1914CA602D16452900E275BF /* Message.swift in Sources */,
				1914CA612D16452900E275BF /* ChatInputContainer.swift in Sources */,
				1914CA622D16452900E275BF /* VoiceService.swift in Sources */,
				1914CA632D16452900E275BF /* ChatMessagesView.swift in Sources */,
				1914CA642D16452900E275BF /* Color+Theme.swift in Sources */,
				1914CA652D16452900E275BF /* MessageRow.swift in Sources */,
				1914CA662D16452900E275BF /* ChatInputView.swift in Sources */,
				1914CA672D16452900E275BF /* ChatMessagesContainer.swift in Sources */,
				1914CA682D16452900E275BF /* ChatView.swift in Sources */,
			);
			runOnlyForDeploymentPostprocessing = 0;
		};
		1976BD4D2CF14D600066972B /* Sources */ = {
			isa = PBXSourcesBuildPhase;
			buildActionMask = 2147483647;
			files = (
				19CF5C5B2D174454004C011C /* KeyboardAdaptive.swift in Sources */,
				1914CA812D16452900E275BF /* ChatService.swift in Sources */,
				1914CA822D16452900E275BF /* ModelPickerView.swift in Sources */,
				1914CA832D16452900E275BF /* opheliaApp.swift in Sources */,
				191B6B942D1878C6006AD239 /* AboutView.swift in Sources */,
				1914CA842D16452900E275BF /* ChatViewModel.swift in Sources */,
				1914CA862D16452900E275BF /* GitHubModelChatService.swift in Sources */,
				1914CA872D16452900E275BF /* AnthropicService.swift in Sources */,
				1914CA882D16452900E275BF /* OpenAIVoiceError.swift in Sources */,
				1914CA892D16452900E275BF /* ChatSettingsSheet.swift in Sources */,
				19CF5C532D164D98004C011C /* SettingsView.swift in Sources */,
				1914CA8A2D16452900E275BF /* ChatHeaderView.swift in Sources */,
				19C00C192D17887100DBCAA0 /* ChatMainView.swift in Sources */,
				1914CA8B2D16452900E275BF /* OpenAITTSService.swift in Sources */,
				1914CA8C2D16452900E275BF /* AppSettings.swift in Sources */,
				1914CA8D2D16452900E275BF /* TypingIndicator.swift in Sources */,
				1914CA8E2D16452900E275BF /* OpenAIChatService.swift in Sources */,
				1914CA8F2D16452900E275BF /* Message.swift in Sources */,
				1914CA902D16452900E275BF /* ChatInputContainer.swift in Sources */,
				1914CA912D16452900E275BF /* VoiceService.swift in Sources */,
				1914CA922D16452900E275BF /* ChatMessagesView.swift in Sources */,
				1914CA932D16452900E275BF /* Color+Theme.swift in Sources */,
				1914CA942D16452900E275BF /* MessageRow.swift in Sources */,
				1914CA952D16452900E275BF /* ChatInputView.swift in Sources */,
				1914CA962D16452900E275BF /* ChatMessagesContainer.swift in Sources */,
				1914CA972D16452900E275BF /* ChatView.swift in Sources */,
			);
			runOnlyForDeploymentPostprocessing = 0;
		};
		1976BD572CF14D600066972B /* Sources */ = {
			isa = PBXSourcesBuildPhase;
			buildActionMask = 2147483647;
			files = (
				19CF5C5D2D174454004C011C /* KeyboardAdaptive.swift in Sources */,
				1914CA6A2D16452900E275BF /* ChatService.swift in Sources */,
				1914CA6B2D16452900E275BF /* ModelPickerView.swift in Sources */,
				1914CA6C2D16452900E275BF /* opheliaApp.swift in Sources */,
				191B6B962D1878C6006AD239 /* AboutView.swift in Sources */,
				1914CA6D2D16452900E275BF /* ChatViewModel.swift in Sources */,
				1914CA6F2D16452900E275BF /* GitHubModelChatService.swift in Sources */,
				1914CA702D16452900E275BF /* AnthropicService.swift in Sources */,
				1914CA712D16452900E275BF /* OpenAIVoiceError.swift in Sources */,
				1914CA722D16452900E275BF /* ChatSettingsSheet.swift in Sources */,
				19CF5C522D164D98004C011C /* SettingsView.swift in Sources */,
				1914CA732D16452900E275BF /* ChatHeaderView.swift in Sources */,
				19C00C1A2D17887100DBCAA0 /* ChatMainView.swift in Sources */,
				1914CA742D16452900E275BF /* OpenAITTSService.swift in Sources */,
				1914CA752D16452900E275BF /* AppSettings.swift in Sources */,
				1914CA762D16452900E275BF /* TypingIndicator.swift in Sources */,
				1914CA772D16452900E275BF /* OpenAIChatService.swift in Sources */,
				1914CA782D16452900E275BF /* Message.swift in Sources */,
				1914CA792D16452900E275BF /* ChatInputContainer.swift in Sources */,
				1914CA7A2D16452900E275BF /* VoiceService.swift in Sources */,
				1914CA7B2D16452900E275BF /* ChatMessagesView.swift in Sources */,
				1914CA7C2D16452900E275BF /* Color+Theme.swift in Sources */,
				1914CA7D2D16452900E275BF /* MessageRow.swift in Sources */,
				1914CA7E2D16452900E275BF /* ChatInputView.swift in Sources */,
				1914CA7F2D16452900E275BF /* ChatMessagesContainer.swift in Sources */,
				1914CA802D16452900E275BF /* ChatView.swift in Sources */,
			);
			runOnlyForDeploymentPostprocessing = 0;
		};
/* End PBXSourcesBuildPhase section */

/* Begin PBXTargetDependency section */
		1976BD532CF14D600066972B /* PBXTargetDependency */ = {
			isa = PBXTargetDependency;
			target = 1976BD3E2CF14D5F0066972B /* ophelia */;
			targetProxy = 1976BD522CF14D600066972B /* PBXContainerItemProxy */;
		};
		1976BD5D2CF14D600066972B /* PBXTargetDependency */ = {
			isa = PBXTargetDependency;
			target = 1976BD3E2CF14D5F0066972B /* ophelia */;
			targetProxy = 1976BD5C2CF14D600066972B /* PBXContainerItemProxy */;
		};
/* End PBXTargetDependency section */

/* Begin XCBuildConfiguration section */
		1976BD632CF14D600066972B /* Debug */ = {
			isa = XCBuildConfiguration;
			buildSettings = {
				ALWAYS_SEARCH_USER_PATHS = NO;
				ASSETCATALOG_COMPILER_GENERATE_SWIFT_ASSET_SYMBOL_EXTENSIONS = YES;
				CLANG_ANALYZER_NONNULL = YES;
				CLANG_ANALYZER_NUMBER_OBJECT_CONVERSION = YES_AGGRESSIVE;
				CLANG_CXX_LANGUAGE_STANDARD = "gnu++20";
				CLANG_ENABLE_MODULES = YES;
				CLANG_ENABLE_OBJC_ARC = YES;
				CLANG_ENABLE_OBJC_WEAK = YES;
				CLANG_WARN_BLOCK_CAPTURE_AUTORELEASING = YES;
				CLANG_WARN_BOOL_CONVERSION = YES;
				CLANG_WARN_COMMA = YES;
				CLANG_WARN_CONSTANT_CONVERSION = YES;
				CLANG_WARN_DEPRECATED_OBJC_IMPLEMENTATIONS = YES;
				CLANG_WARN_DIRECT_OBJC_ISA_USAGE = YES_ERROR;
				CLANG_WARN_DOCUMENTATION_COMMENTS = YES;
				CLANG_WARN_EMPTY_BODY = YES;
				CLANG_WARN_ENUM_CONVERSION = YES;
				CLANG_WARN_INFINITE_RECURSION = YES;
				CLANG_WARN_INT_CONVERSION = YES;
				CLANG_WARN_NON_LITERAL_NULL_CONVERSION = YES;
				CLANG_WARN_OBJC_IMPLICIT_RETAIN_SELF = YES;
				CLANG_WARN_OBJC_LITERAL_CONVERSION = YES;
				CLANG_WARN_OBJC_ROOT_CLASS = YES_ERROR;
				CLANG_WARN_QUOTED_INCLUDE_IN_FRAMEWORK_HEADER = YES;
				CLANG_WARN_RANGE_LOOP_ANALYSIS = YES;
				CLANG_WARN_STRICT_PROTOTYPES = YES;
				CLANG_WARN_SUSPICIOUS_MOVE = YES;
				CLANG_WARN_UNGUARDED_AVAILABILITY = YES_AGGRESSIVE;
				CLANG_WARN_UNREACHABLE_CODE = YES;
				CLANG_WARN__DUPLICATE_METHOD_MATCH = YES;
				COPY_PHASE_STRIP = NO;
				DEBUG_INFORMATION_FORMAT = dwarf;
				ENABLE_STRICT_OBJC_MSGSEND = YES;
				ENABLE_TESTABILITY = YES;
				ENABLE_USER_SCRIPT_SANDBOXING = YES;
				GCC_C_LANGUAGE_STANDARD = gnu17;
				GCC_DYNAMIC_NO_PIC = NO;
				GCC_NO_COMMON_BLOCKS = YES;
				GCC_OPTIMIZATION_LEVEL = 0;
				GCC_PREPROCESSOR_DEFINITIONS = (
					"DEBUG=1",
					"$(inherited)",
				);
				GCC_WARN_64_TO_32_BIT_CONVERSION = YES;
				GCC_WARN_ABOUT_RETURN_TYPE = YES_ERROR;
				GCC_WARN_UNDECLARED_SELECTOR = YES;
				GCC_WARN_UNINITIALIZED_AUTOS = YES_AGGRESSIVE;
				GCC_WARN_UNUSED_FUNCTION = YES;
				GCC_WARN_UNUSED_VARIABLE = YES;
				IPHONEOS_DEPLOYMENT_TARGET = 18.1;
				LOCALIZATION_PREFERS_STRING_CATALOGS = YES;
				MTL_ENABLE_DEBUG_INFO = INCLUDE_SOURCE;
				MTL_FAST_MATH = YES;
				ONLY_ACTIVE_ARCH = YES;
				SDKROOT = iphoneos;
				SWIFT_ACTIVE_COMPILATION_CONDITIONS = "DEBUG $(inherited)";
				SWIFT_OPTIMIZATION_LEVEL = "-Onone";
				SWIFT_VERSION = 6.0;
			};
			name = Debug;
		};
		1976BD642CF14D600066972B /* Release */ = {
			isa = XCBuildConfiguration;
			buildSettings = {
				ALWAYS_SEARCH_USER_PATHS = NO;
				ASSETCATALOG_COMPILER_GENERATE_SWIFT_ASSET_SYMBOL_EXTENSIONS = YES;
				CLANG_ANALYZER_NONNULL = YES;
				CLANG_ANALYZER_NUMBER_OBJECT_CONVERSION = YES_AGGRESSIVE;
				CLANG_CXX_LANGUAGE_STANDARD = "gnu++20";
				CLANG_ENABLE_MODULES = YES;
				CLANG_ENABLE_OBJC_ARC = YES;
				CLANG_ENABLE_OBJC_WEAK = YES;
				CLANG_WARN_BLOCK_CAPTURE_AUTORELEASING = YES;
				CLANG_WARN_BOOL_CONVERSION = YES;
				CLANG_WARN_COMMA = YES;
				CLANG_WARN_CONSTANT_CONVERSION = YES;
				CLANG_WARN_DEPRECATED_OBJC_IMPLEMENTATIONS = YES;
				CLANG_WARN_DIRECT_OBJC_ISA_USAGE = YES_ERROR;
				CLANG_WARN_DOCUMENTATION_COMMENTS = YES;
				CLANG_WARN_EMPTY_BODY = YES;
				CLANG_WARN_ENUM_CONVERSION = YES;
				CLANG_WARN_INFINITE_RECURSION = YES;
				CLANG_WARN_INT_CONVERSION = YES;
				CLANG_WARN_NON_LITERAL_NULL_CONVERSION = YES;
				CLANG_WARN_OBJC_IMPLICIT_RETAIN_SELF = YES;
				CLANG_WARN_OBJC_LITERAL_CONVERSION = YES;
				CLANG_WARN_OBJC_ROOT_CLASS = YES_ERROR;
				CLANG_WARN_QUOTED_INCLUDE_IN_FRAMEWORK_HEADER = YES;
				CLANG_WARN_RANGE_LOOP_ANALYSIS = YES;
				CLANG_WARN_STRICT_PROTOTYPES = YES;
				CLANG_WARN_SUSPICIOUS_MOVE = YES;
				CLANG_WARN_UNGUARDED_AVAILABILITY = YES_AGGRESSIVE;
				CLANG_WARN_UNREACHABLE_CODE = YES;
				CLANG_WARN__DUPLICATE_METHOD_MATCH = YES;
				COPY_PHASE_STRIP = NO;
				DEBUG_INFORMATION_FORMAT = "dwarf-with-dsym";
				ENABLE_NS_ASSERTIONS = NO;
				ENABLE_STRICT_OBJC_MSGSEND = YES;
				ENABLE_USER_SCRIPT_SANDBOXING = YES;
				GCC_C_LANGUAGE_STANDARD = gnu17;
				GCC_NO_COMMON_BLOCKS = YES;
				GCC_WARN_64_TO_32_BIT_CONVERSION = YES;
				GCC_WARN_ABOUT_RETURN_TYPE = YES_ERROR;
				GCC_WARN_UNDECLARED_SELECTOR = YES;
				GCC_WARN_UNINITIALIZED_AUTOS = YES_AGGRESSIVE;
				GCC_WARN_UNUSED_FUNCTION = YES;
				GCC_WARN_UNUSED_VARIABLE = YES;
				IPHONEOS_DEPLOYMENT_TARGET = 18.1;
				LOCALIZATION_PREFERS_STRING_CATALOGS = YES;
				MTL_ENABLE_DEBUG_INFO = NO;
				MTL_FAST_MATH = YES;
				SDKROOT = iphoneos;
				SWIFT_COMPILATION_MODE = wholemodule;
				SWIFT_VERSION = 6.0;
				VALIDATE_PRODUCT = YES;
			};
			name = Release;
		};
		1976BD662CF14D600066972B /* Debug */ = {
			isa = XCBuildConfiguration;
			buildSettings = {
				ASSETCATALOG_COMPILER_APPICON_NAME = AppIcon;
				ASSETCATALOG_COMPILER_GLOBAL_ACCENT_COLOR_NAME = AccentColor;
				CODE_SIGN_STYLE = Automatic;
				CURRENT_PROJECT_VERSION = 1;
				DEVELOPMENT_TEAM = H7F9WN89C6;
				ENABLE_PREVIEWS = YES;
				GENERATE_INFOPLIST_FILE = NO;
				"INFOPLIST_FILE[sdk=*]" = "$(SRCROOT)/Info.plist";
				INFOPLIST_KEY_CFBundleDisplayName = Ophelia;
				INFOPLIST_KEY_LSApplicationCategoryType = "public.app-category.utilities";
				INFOPLIST_KEY_UIApplicationSceneManifest_Generation = YES;
				INFOPLIST_KEY_UIApplicationSupportsIndirectInputEvents = YES;
				INFOPLIST_KEY_UILaunchScreen_Generation = YES;
				INFOPLIST_KEY_UISupportedInterfaceOrientations_iPad = "UIInterfaceOrientationPortrait UIInterfaceOrientationPortraitUpsideDown UIInterfaceOrientationLandscapeLeft UIInterfaceOrientationLandscapeRight";
				INFOPLIST_KEY_UISupportedInterfaceOrientations_iPhone = "UIInterfaceOrientationPortrait UIInterfaceOrientationLandscapeLeft UIInterfaceOrientationLandscapeRight";
				LD_RUNPATH_SEARCH_PATHS = (
					"$(inherited)",
					"@executable_path/Frameworks",
				);
				MARKETING_VERSION = 1.0;
				PRODUCT_BUNDLE_IDENTIFIER = ai.kroonen.ophelia;
				PRODUCT_NAME = "$(TARGET_NAME)";
				SWIFT_EMIT_LOC_STRINGS = YES;
				SWIFT_VERSION = 6.0;
				TARGETED_DEVICE_FAMILY = "1,2";
			};
			name = Debug;
		};
		1976BD672CF14D600066972B /* Release */ = {
			isa = XCBuildConfiguration;
			buildSettings = {
				ASSETCATALOG_COMPILER_APPICON_NAME = AppIcon;
				ASSETCATALOG_COMPILER_GLOBAL_ACCENT_COLOR_NAME = AccentColor;
				CODE_SIGN_STYLE = Automatic;
				CURRENT_PROJECT_VERSION = 1;
				DEVELOPMENT_TEAM = H7F9WN89C6;
				ENABLE_PREVIEWS = YES;
				GENERATE_INFOPLIST_FILE = NO;
				"INFOPLIST_FILE[sdk=*]" = "$(SRCROOT)/Info.plist";
				INFOPLIST_KEY_CFBundleDisplayName = Ophelia;
				INFOPLIST_KEY_LSApplicationCategoryType = "public.app-category.utilities";
				INFOPLIST_KEY_UIApplicationSceneManifest_Generation = YES;
				INFOPLIST_KEY_UIApplicationSupportsIndirectInputEvents = YES;
				INFOPLIST_KEY_UILaunchScreen_Generation = YES;
				INFOPLIST_KEY_UISupportedInterfaceOrientations_iPad = "UIInterfaceOrientationPortrait UIInterfaceOrientationPortraitUpsideDown UIInterfaceOrientationLandscapeLeft UIInterfaceOrientationLandscapeRight";
				INFOPLIST_KEY_UISupportedInterfaceOrientations_iPhone = "UIInterfaceOrientationPortrait UIInterfaceOrientationLandscapeLeft UIInterfaceOrientationLandscapeRight";
				LD_RUNPATH_SEARCH_PATHS = (
					"$(inherited)",
					"@executable_path/Frameworks",
				);
				MARKETING_VERSION = 1.0;
				PRODUCT_BUNDLE_IDENTIFIER = ai.kroonen.ophelia;
				PRODUCT_NAME = "$(TARGET_NAME)";
				SWIFT_EMIT_LOC_STRINGS = YES;
				SWIFT_VERSION = 6.0;
				TARGETED_DEVICE_FAMILY = "1,2";
			};
			name = Release;
		};
		1976BD692CF14D600066972B /* Debug */ = {
			isa = XCBuildConfiguration;
			buildSettings = {
				BUNDLE_LOADER = "$(TEST_HOST)";
				CODE_SIGN_STYLE = Automatic;
				CURRENT_PROJECT_VERSION = 1;
				GENERATE_INFOPLIST_FILE = YES;
				IPHONEOS_DEPLOYMENT_TARGET = 18.1;
				MARKETING_VERSION = 1.0;
				PRODUCT_BUNDLE_IDENTIFIER = ai.kroonen.opheliaTests;
				PRODUCT_NAME = "$(TARGET_NAME)";
				SWIFT_EMIT_LOC_STRINGS = NO;
				SWIFT_VERSION = 5.0;
				TARGETED_DEVICE_FAMILY = "1,2";
				TEST_HOST = "$(BUILT_PRODUCTS_DIR)/ophelia.app/$(BUNDLE_EXECUTABLE_FOLDER_PATH)/ophelia";
			};
			name = Debug;
		};
		1976BD6A2CF14D600066972B /* Release */ = {
			isa = XCBuildConfiguration;
			buildSettings = {
				BUNDLE_LOADER = "$(TEST_HOST)";
				CODE_SIGN_STYLE = Automatic;
				CURRENT_PROJECT_VERSION = 1;
				GENERATE_INFOPLIST_FILE = YES;
				IPHONEOS_DEPLOYMENT_TARGET = 18.1;
				MARKETING_VERSION = 1.0;
				PRODUCT_BUNDLE_IDENTIFIER = ai.kroonen.opheliaTests;
				PRODUCT_NAME = "$(TARGET_NAME)";
				SWIFT_EMIT_LOC_STRINGS = NO;
				SWIFT_VERSION = 5.0;
				TARGETED_DEVICE_FAMILY = "1,2";
				TEST_HOST = "$(BUILT_PRODUCTS_DIR)/ophelia.app/$(BUNDLE_EXECUTABLE_FOLDER_PATH)/ophelia";
			};
			name = Release;
		};
		1976BD6C2CF14D600066972B /* Debug */ = {
			isa = XCBuildConfiguration;
			buildSettings = {
				CODE_SIGN_STYLE = Automatic;
				CURRENT_PROJECT_VERSION = 1;
				GENERATE_INFOPLIST_FILE = YES;
				MARKETING_VERSION = 1.0;
				PRODUCT_BUNDLE_IDENTIFIER = ai.kroonen.opheliaUITests;
				PRODUCT_NAME = "$(TARGET_NAME)";
				SWIFT_EMIT_LOC_STRINGS = NO;
				SWIFT_VERSION = 5.0;
				TARGETED_DEVICE_FAMILY = "1,2";
				TEST_TARGET_NAME = ophelia;
			};
			name = Debug;
		};
		1976BD6D2CF14D600066972B /* Release */ = {
			isa = XCBuildConfiguration;
			buildSettings = {
				CODE_SIGN_STYLE = Automatic;
				CURRENT_PROJECT_VERSION = 1;
				GENERATE_INFOPLIST_FILE = YES;
				MARKETING_VERSION = 1.0;
				PRODUCT_BUNDLE_IDENTIFIER = ai.kroonen.opheliaUITests;
				PRODUCT_NAME = "$(TARGET_NAME)";
				SWIFT_EMIT_LOC_STRINGS = NO;
				SWIFT_VERSION = 5.0;
				TARGETED_DEVICE_FAMILY = "1,2";
				TEST_TARGET_NAME = ophelia;
			};
			name = Release;
		};
/* End XCBuildConfiguration section */

/* Begin XCConfigurationList section */
		1976BD3A2CF14D5F0066972B /* Build configuration list for PBXProject "ophelia" */ = {
			isa = XCConfigurationList;
			buildConfigurations = (
				1976BD632CF14D600066972B /* Debug */,
				1976BD642CF14D600066972B /* Release */,
			);
			defaultConfigurationIsVisible = 0;
			defaultConfigurationName = Release;
		};
		1976BD652CF14D600066972B /* Build configuration list for PBXNativeTarget "ophelia" */ = {
			isa = XCConfigurationList;
			buildConfigurations = (
				1976BD662CF14D600066972B /* Debug */,
				1976BD672CF14D600066972B /* Release */,
			);
			defaultConfigurationIsVisible = 0;
			defaultConfigurationName = Release;
		};
		1976BD682CF14D600066972B /* Build configuration list for PBXNativeTarget "opheliaTests" */ = {
			isa = XCConfigurationList;
			buildConfigurations = (
				1976BD692CF14D600066972B /* Debug */,
				1976BD6A2CF14D600066972B /* Release */,
			);
			defaultConfigurationIsVisible = 0;
			defaultConfigurationName = Release;
		};
		1976BD6B2CF14D600066972B /* Build configuration list for PBXNativeTarget "opheliaUITests" */ = {
			isa = XCConfigurationList;
			buildConfigurations = (
				1976BD6C2CF14D600066972B /* Debug */,
				1976BD6D2CF14D600066972B /* Release */,
			);
			defaultConfigurationIsVisible = 0;
			defaultConfigurationName = Release;
		};
/* End XCConfigurationList section */

/* Begin XCRemoteSwiftPackageReference section */
		19517EB12D0D2752008F81B3 /* XCRemoteSwiftPackageReference "MarkdownUI" */ = {
			isa = XCRemoteSwiftPackageReference;
			repositoryURL = "https://github.com/gonzalezreal/MarkdownUI.git";
			requirement = {
				kind = upToNextMinorVersion;
				minimumVersion = 2.4.1;
			};
		};
/* End XCRemoteSwiftPackageReference section */

/* Begin XCSwiftPackageProductDependency section */
		19517EB22D0D2752008F81B3 /* MarkdownUI */ = {
			isa = XCSwiftPackageProductDependency;
			package = 19517EB12D0D2752008F81B3 /* XCRemoteSwiftPackageReference "MarkdownUI" */;
			productName = MarkdownUI;
		};
/* End XCSwiftPackageProductDependency section */
	};
	rootObject = 1976BD372CF14D5F0066972B /* Project object */;
}
